
Microsoft Visual Studio Solution File, Format Version 12.00
# Visual Studio Version 16
VisualStudioVersion = 16.0.31515.178
MinimumVisualStudioVersion = 10.0.40219.1
Project("{FAE04EC0-301F-11D3-BF4B-00C04F79EFBC}") = "WcfService1", "WcfService1\WcfService1.csproj", "{91FB0617-BBE1-42BD-AF80-BD408A7FC4D2}"
EndProject
Project("{FAE04EC0-301F-11D3-BF4B-00C04F79EFBC}") = "Entities", "Entities\Entities.csproj", "{0D5798FD-9B34-459C-B904-3B077574D4D2}"
EndProject
Project("{FAE04EC0-301F-11D3-BF4B-00C04F79EFBC}") = "Repository", "Repository\Repository.csproj", "{2C1FBDDF-A513-4E62-B730-616DBC350470}"
EndProject
Global
	GlobalSection(SolutionConfigurationPlatforms) = preSolution
		Debug|Any CPU = Debug|Any CPU
		Release|Any CPU = Release|Any CPU
	EndGlobalSection
	GlobalSection(ProjectConfigurationPlatforms) = postSolution
		{91FB0617-BBE1-42BD-AF80-BD408A7FC4D2}.Debug|Any CPU.ActiveCfg = Debug|Any CPU
		{91FB0617-BBE1-42BD-AF80-BD408A7FC4D2}.Debug|Any CPU.Build.0 = Debug|Any CPU
		{91FB0617-BBE1-42BD-AF80-BD408A7FC4D2}.Release|Any CPU.ActiveCfg = Release|Any CPU
		{91FB0617-BBE1-42BD-AF80-BD408A7FC4D2}.Release|Any CPU.Build.0 = Release|Any CPU
		{0D5798FD-9B34-459C-B904-3B077574D4D2}.Debug|Any CPU.ActiveCfg = Debug|Any CPU
		{0D5798FD-9B34-459C-B904-3B077574D4D2}.Debug|Any CPU.Build.0 = Debug|Any CPU
		{0D5798FD-9B34-459C-B904-3B077574D4D2}.Release|Any CPU.ActiveCfg = Release|Any CPU
		{0D5798FD-9B34-459C-B904-3B077574D4D2}.Release|Any CPU.Build.0 = Release|Any CPU
		{2C1FBDDF-A513-4E62-B730-616DBC350470}.Debug|Any CPU.ActiveCfg = Debug|Any CPU
		{2C1FBDDF-A513-4E62-B730-616DBC350470}.Debug|Any CPU.Build.0 = Debug|Any CPU
		{2C1FBDDF-A513-4E62-B730-616DBC350470}.Release|Any CPU.ActiveCfg = Release|Any CPU
		{2C1FBDDF-A513-4E62-B730-616DBC350470}.Release|Any CPU.Build.0 = Release|Any CPU
	EndGlobalSection
	GlobalSection(SolutionProperties) = preSolution
		HideSolutionNode = FALSE
	EndGlobalSection
	GlobalSection(ExtensibilityGlobals) = postSolution
		SolutionGuid = {673A4129-03E4-49CA-976C-1422022F24FF}
	EndGlobalSection
EndGlobal
